
Microsoft Visual Studio Solution File, Format Version 12.00
# Visual Studio Version 16
VisualStudioVersion = 16.0.28922.388
MinimumVisualStudioVersion = 10.0.40219.1
Project("{FAE04EC0-301F-11D3-BF4B-00C04F79EFBC}") = "01. Box Of T", "01. Box Of T\01. Box Of T.csproj", "{C12C490D-FFA7-436D-AD4A-9BA53DFDFCD7}"
EndProject
Global
	GlobalSection(SolutionConfigurationPlatforms) = preSolution
		Debug|Any CPU = Debug|Any CPU
		Release|Any CPU = Release|Any CPU
	EndGlobalSection
	GlobalSection(ProjectConfigurationPlatforms) = postSolution
		{C12C490D-FFA7-436D-AD4A-9BA53DFDFCD7}.Debug|Any CPU.ActiveCfg = Debug|Any CPU
		{C12C490D-FFA7-436D-AD4A-9BA53DFDFCD7}.Debug|Any CPU.Build.0 = Debug|Any CPU
		{C12C490D-FFA7-436D-AD4A-9BA53DFDFCD7}.Release|Any CPU.ActiveCfg = Release|Any CPU
		{C12C490D-FFA7-436D-AD4A-9BA53DFDFCD7}.Release|Any CPU.Build.0 = Release|Any CPU
	EndGlobalSection
	GlobalSection(SolutionProperties) = preSolution
		HideSolutionNode = FALSE
	EndGlobalSection
	GlobalSection(ExtensibilityGlobals) = postSolution
		SolutionGuid = {0BC109DC-4D5E-4120-9A70-F74535CA6003}
	EndGlobalSection
EndGlobal
