
Microsoft Visual Studio Solution File, Format Version 12.00
# Visual Studio Version 16
VisualStudioVersion = 16.0.28922.388
MinimumVisualStudioVersion = 10.0.40219.1
Project("{9A19103F-16F7-4668-BE54-9A1E7A4F7556}") = "01. Diagonal Difference", "01. Diagonal Difference\01. Diagonal Difference.csproj", "{D81B770E-E8E6-4EC1-B4BA-2631CB6CE170}"
EndProject
Project("{9A19103F-16F7-4668-BE54-9A1E7A4F7556}") = "2. 2x2 Squares in Matrix", "2. 2x2 Squares in Matrix\2. 2x2 Squares in Matrix.csproj", "{22D96AEF-E749-4944-B7FC-AA1AD6F9FAAD}"
EndProject
Project("{9A19103F-16F7-4668-BE54-9A1E7A4F7556}") = "03. Maximal Sum", "03. Maximal Sum\03. Maximal Sum.csproj", "{949C0E99-C7AC-4345-938A-8739B643E064}"
EndProject
Project("{9A19103F-16F7-4668-BE54-9A1E7A4F7556}") = "04. Matrix Shuffling", "04. Matrix Shuffling\04. Matrix Shuffling.csproj", "{F77D69AE-DAA4-492C-B8C9-0948F24E20B2}"
EndProject
Project("{FAE04EC0-301F-11D3-BF4B-00C04F79EFBC}") = "07. Knight Game", "07. Knight Game\07. Knight Game.csproj", "{334BBFB1-FA22-4B70-BA7F-E05BA3F9803B}"
EndProject
Project("{FAE04EC0-301F-11D3-BF4B-00C04F79EFBC}") = "05. Snake Moves", "05. Snake Moves\05. Snake Moves.csproj", "{22E9340C-6775-4604-9F0A-1C2C0B21D228}"
EndProject
Global
	GlobalSection(SolutionConfigurationPlatforms) = preSolution
		Debug|Any CPU = Debug|Any CPU
		Release|Any CPU = Release|Any CPU
	EndGlobalSection
	GlobalSection(ProjectConfigurationPlatforms) = postSolution
		{D81B770E-E8E6-4EC1-B4BA-2631CB6CE170}.Debug|Any CPU.ActiveCfg = Debug|Any CPU
		{D81B770E-E8E6-4EC1-B4BA-2631CB6CE170}.Debug|Any CPU.Build.0 = Debug|Any CPU
		{D81B770E-E8E6-4EC1-B4BA-2631CB6CE170}.Release|Any CPU.ActiveCfg = Release|Any CPU
		{D81B770E-E8E6-4EC1-B4BA-2631CB6CE170}.Release|Any CPU.Build.0 = Release|Any CPU
		{22D96AEF-E749-4944-B7FC-AA1AD6F9FAAD}.Debug|Any CPU.ActiveCfg = Debug|Any CPU
		{22D96AEF-E749-4944-B7FC-AA1AD6F9FAAD}.Debug|Any CPU.Build.0 = Debug|Any CPU
		{22D96AEF-E749-4944-B7FC-AA1AD6F9FAAD}.Release|Any CPU.ActiveCfg = Release|Any CPU
		{22D96AEF-E749-4944-B7FC-AA1AD6F9FAAD}.Release|Any CPU.Build.0 = Release|Any CPU
		{949C0E99-C7AC-4345-938A-8739B643E064}.Debug|Any CPU.ActiveCfg = Debug|Any CPU
		{949C0E99-C7AC-4345-938A-8739B643E064}.Debug|Any CPU.Build.0 = Debug|Any CPU
		{949C0E99-C7AC-4345-938A-8739B643E064}.Release|Any CPU.ActiveCfg = Release|Any CPU
		{949C0E99-C7AC-4345-938A-8739B643E064}.Release|Any CPU.Build.0 = Release|Any CPU
		{F77D69AE-DAA4-492C-B8C9-0948F24E20B2}.Debug|Any CPU.ActiveCfg = Debug|Any CPU
		{F77D69AE-DAA4-492C-B8C9-0948F24E20B2}.Debug|Any CPU.Build.0 = Debug|Any CPU
		{F77D69AE-DAA4-492C-B8C9-0948F24E20B2}.Release|Any CPU.ActiveCfg = Release|Any CPU
		{F77D69AE-DAA4-492C-B8C9-0948F24E20B2}.Release|Any CPU.Build.0 = Release|Any CPU
		{334BBFB1-FA22-4B70-BA7F-E05BA3F9803B}.Debug|Any CPU.ActiveCfg = Debug|Any CPU
		{334BBFB1-FA22-4B70-BA7F-E05BA3F9803B}.Debug|Any CPU.Build.0 = Debug|Any CPU
		{334BBFB1-FA22-4B70-BA7F-E05BA3F9803B}.Release|Any CPU.ActiveCfg = Release|Any CPU
		{334BBFB1-FA22-4B70-BA7F-E05BA3F9803B}.Release|Any CPU.Build.0 = Release|Any CPU
		{22E9340C-6775-4604-9F0A-1C2C0B21D228}.Debug|Any CPU.ActiveCfg = Debug|Any CPU
		{22E9340C-6775-4604-9F0A-1C2C0B21D228}.Debug|Any CPU.Build.0 = Debug|Any CPU
		{22E9340C-6775-4604-9F0A-1C2C0B21D228}.Release|Any CPU.ActiveCfg = Release|Any CPU
		{22E9340C-6775-4604-9F0A-1C2C0B21D228}.Release|Any CPU.Build.0 = Release|Any CPU
	EndGlobalSection
	GlobalSection(SolutionProperties) = preSolution
		HideSolutionNode = FALSE
	EndGlobalSection
	GlobalSection(ExtensibilityGlobals) = postSolution
		SolutionGuid = {176CEC38-8E15-4362-B010-941822FE8DF2}
	EndGlobalSection
EndGlobal
